
Microsoft Visual Studio Solution File, Format Version 12.00
# Visual Studio Version 17
VisualStudioVersion = 17.1.32414.318
MinimumVisualStudioVersion = 10.0.40219.1
Project("{F184B08F-C81C-45F6-A57F-5ABD9991F28F}") = "Consuntivazione", "Consultivazione\Consuntivazione.vbproj", "{B41529A7-5D5A-4A31-8B56-68658E572EBB}"
EndProject
Project("{2150E333-8FDC-42A3-9474-1A3956D46DE8}") = "Solution Items", "Solution Items", "{62CB9C76-B67E-430C-BC8B-2158EA91EAD3}"
	ProjectSection(SolutionItems) = preProject
		.editorconfig = .editorconfig
	EndProjectSection
EndProject
Global
	GlobalSection(SolutionConfigurationPlatforms) = preSolution
		Debug|Any CPU = Debug|Any CPU
		Release|Any CPU = Release|Any CPU
	EndGlobalSection
	GlobalSection(ProjectConfigurationPlatforms) = postSolution
		{B41529A7-5D5A-4A31-8B56-68658E572EBB}.Debug|Any CPU.ActiveCfg = Debug|Any CPU
		{B41529A7-5D5A-4A31-8B56-68658E572EBB}.Debug|Any CPU.Build.0 = Debug|Any CPU
		{B41529A7-5D5A-4A31-8B56-68658E572EBB}.Release|Any CPU.ActiveCfg = Release|Any CPU
		{B41529A7-5D5A-4A31-8B56-68658E572EBB}.Release|Any CPU.Build.0 = Release|Any CPU
	EndGlobalSection
	GlobalSection(SolutionProperties) = preSolution
		HideSolutionNode = FALSE
	EndGlobalSection
	GlobalSection(ExtensibilityGlobals) = postSolution
		SolutionGuid = {62E35226-F495-4B99-9E9C-FD776E165292}
	EndGlobalSection
EndGlobal
